
Microsoft Visual Studio Solution File, Format Version 12.00
# Visual Studio Version 16
VisualStudioVersion = 16.0.31410.357
MinimumVisualStudioVersion = 10.0.40219.1
Project("{FAE04EC0-301F-11D3-BF4B-00C04F79EFBC}") = "csharpReact", "csharpReact.csproj", "{FA4B8ADF-2A33-499D-8A09-101397955A07}"
EndProject
Global
	GlobalSection(SolutionConfigurationPlatforms) = preSolution
		Debug|Any CPU = Debug|Any CPU
		Release|Any CPU = Release|Any CPU
	EndGlobalSection
	GlobalSection(ProjectConfigurationPlatforms) = postSolution
		{FA4B8ADF-2A33-499D-8A09-101397955A07}.Debug|Any CPU.ActiveCfg = Debug|Any CPU
		{FA4B8ADF-2A33-499D-8A09-101397955A07}.Debug|Any CPU.Build.0 = Debug|Any CPU
		{FA4B8ADF-2A33-499D-8A09-101397955A07}.Release|Any CPU.ActiveCfg = Release|Any CPU
		{FA4B8ADF-2A33-499D-8A09-101397955A07}.Release|Any CPU.Build.0 = Release|Any CPU
	EndGlobalSection
	GlobalSection(SolutionProperties) = preSolution
		HideSolutionNode = FALSE
	EndGlobalSection
	GlobalSection(ExtensibilityGlobals) = postSolution
		SolutionGuid = {99562479-6681-4816-AAFC-A81C9109281C}
	EndGlobalSection
EndGlobal
